
Microsoft Visual Studio Solution File, Format Version 12.00
# Visual Studio Version 16
VisualStudioVersion = 16.0.31205.134
MinimumVisualStudioVersion = 10.0.40219.1
Project("{FAE04EC0-301F-11D3-BF4B-00C04F79EFBC}") = "ConsoleTeste", "ConsoleTeste\ConsoleTeste.csproj", "{23067566-4CE8-4E6B-9FE0-A25B91C028ED}"
EndProject
Global
	GlobalSection(SolutionConfigurationPlatforms) = preSolution
		Debug|Any CPU = Debug|Any CPU
		Release|Any CPU = Release|Any CPU
	EndGlobalSection
	GlobalSection(ProjectConfigurationPlatforms) = postSolution
		{23067566-4CE8-4E6B-9FE0-A25B91C028ED}.Debug|Any CPU.ActiveCfg = Debug|Any CPU
		{23067566-4CE8-4E6B-9FE0-A25B91C028ED}.Debug|Any CPU.Build.0 = Debug|Any CPU
		{23067566-4CE8-4E6B-9FE0-A25B91C028ED}.Release|Any CPU.ActiveCfg = Release|Any CPU
		{23067566-4CE8-4E6B-9FE0-A25B91C028ED}.Release|Any CPU.Build.0 = Release|Any CPU
	EndGlobalSection
	GlobalSection(SolutionProperties) = preSolution
		HideSolutionNode = FALSE
	EndGlobalSection
	GlobalSection(ExtensibilityGlobals) = postSolution
		SolutionGuid = {2F657ECB-C5B7-44F2-9AC2-27D13669CE3F}
	EndGlobalSection
EndGlobal
